// !$*UTF8*$!
{
	archiveVersion = 1;
	classes = {
	};
	objectVersion = 77;
	objects = {

/* Begin PBXBuildFile section */
		9D7B54012E093C9A00600383 /* WatchConnectivity.framework in Frameworks */ = {isa = PBXBuildFile; fileRef = 9DA75E272DF2D26300F24255 /* WatchConnectivity.framework */; };
		9DD7EF012DBF7565002D78A7 /* PointWatch Watch App.app in Embed Watch Content */ = {isa = PBXBuildFile; fileRef = 9DD7EEE12DBF7564002D78A7 /* PointWatch Watch App.app */; settings = {ATTRIBUTES = (RemoveHeadersOnCopy, ); }; };
/* End PBXBuildFile section */

/* Begin PBXContainerItemProxy section */
		9D1E3FEE2DBA20BE005E1870 /* PBXContainerItemProxy */ = {
			isa = PBXContainerItemProxy;
			containerPortal = 9D1E3FD52DBA20BD005E1870 /* Project object */;
			proxyType = 1;
			remoteGlobalIDString = 9D1E3FDC2DBA20BD005E1870;
			remoteInfo = PointPro;
		};
		9D1E3FF82DBA20BE005E1870 /* PBXContainerItemProxy */ = {
			isa = PBXContainerItemProxy;
			containerPortal = 9D1E3FD52DBA20BD005E1870 /* Project object */;
			proxyType = 1;
			remoteGlobalIDString = 9D1E3FDC2DBA20BD005E1870;
			remoteInfo = PointPro;
		};
		9DD7EEEE2DBF7565002D78A7 /* PBXContainerItemProxy */ = {
			isa = PBXContainerItemProxy;
			containerPortal = 9D1E3FD52DBA20BD005E1870 /* Project object */;
			proxyType = 1;
			remoteGlobalIDString = 9DD7EEE02DBF7564002D78A7;
			remoteInfo = "PointWatch Watch App";
		};
		9DD7EEF82DBF7565002D78A7 /* PBXContainerItemProxy */ = {
			isa = PBXContainerItemProxy;
			containerPortal = 9D1E3FD52DBA20BD005E1870 /* Project object */;
			proxyType = 1;
			remoteGlobalIDString = 9DD7EEE02DBF7564002D78A7;
			remoteInfo = "PointWatch Watch App";
		};
		9DD7EEFF2DBF7565002D78A7 /* PBXContainerItemProxy */ = {
			isa = PBXContainerItemProxy;
			containerPortal = 9D1E3FD52DBA20BD005E1870 /* Project object */;
			proxyType = 1;
			remoteGlobalIDString = 9DD7EEE02DBF7564002D78A7;
			remoteInfo = "PointWatch Watch App";
		};
/* End PBXContainerItemProxy section */

/* Begin PBXCopyFilesBuildPhase section */
		9DD7EF052DBF7565002D78A7 /* Embed Watch Content */ = {
			isa = PBXCopyFilesBuildPhase;
			buildActionMask = 2147483647;
			dstPath = "$(CONTENTS_FOLDER_PATH)/Watch";
			dstSubfolderSpec = 16;
			files = (
				9DD7EF012DBF7565002D78A7 /* PointWatch Watch App.app in Embed Watch Content */,
			);
			name = "Embed Watch Content";
			runOnlyForDeploymentPostprocessing = 0;
		};
/* End PBXCopyFilesBuildPhase section */

/* Begin PBXFileReference section */
		9D1E3FDD2DBA20BD005E1870 /* PointPro.app */ = {isa = PBXFileReference; explicitFileType = wrapper.application; includeInIndex = 0; path = PointPro.app; sourceTree = BUILT_PRODUCTS_DIR; };
		9D1E3FED2DBA20BE005E1870 /* PointProTests.xctest */ = {isa = PBXFileReference; explicitFileType = wrapper.cfbundle; includeInIndex = 0; path = PointProTests.xctest; sourceTree = BUILT_PRODUCTS_DIR; };
		9D1E3FF72DBA20BE005E1870 /* PointProUITests.xctest */ = {isa = PBXFileReference; explicitFileType = wrapper.cfbundle; includeInIndex = 0; path = PointProUITests.xctest; sourceTree = BUILT_PRODUCTS_DIR; };
		9DA75E272DF2D26300F24255 /* WatchConnectivity.framework */ = {isa = PBXFileReference; lastKnownFileType = wrapper.framework; name = WatchConnectivity.framework; path = Platforms/iPhoneOS.platform/Developer/SDKs/iPhoneOS18.4.sdk/System/Library/Frameworks/WatchConnectivity.framework; sourceTree = DEVELOPER_DIR; };
		9DD7EEE12DBF7564002D78A7 /* PointWatch Watch App.app */ = {isa = PBXFileReference; explicitFileType = wrapper.application; includeInIndex = 0; path = "PointWatch Watch App.app"; sourceTree = BUILT_PRODUCTS_DIR; };
		9DD7EEED2DBF7565002D78A7 /* PointWatch Watch AppTests.xctest */ = {isa = PBXFileReference; explicitFileType = wrapper.cfbundle; includeInIndex = 0; path = "PointWatch Watch AppTests.xctest"; sourceTree = BUILT_PRODUCTS_DIR; };
		9DD7EEF72DBF7565002D78A7 /* PointWatch Watch AppUITests.xctest */ = {isa = PBXFileReference; explicitFileType = wrapper.cfbundle; includeInIndex = 0; path = "PointWatch Watch AppUITests.xctest"; sourceTree = BUILT_PRODUCTS_DIR; };
/* End PBXFileReference section */

/* Begin PBXFileSystemSynchronizedBuildFileExceptionSet section */
		9DB152772DC4A8BC009CF606 /* Exceptions for "PointPro" folder in "PointWatch Watch App" target */ = {
			isa = PBXFileSystemSynchronizedBuildFileExceptionSet;
			membershipExceptions = (
				Assets.xcassets,
				Entities/MatchDataEntity.swift,
				"Extensions/Date+Ext.swift",
				"Extensions/String+Ext.swift",
				"Extensions/View+Ext.swift",
				Localizable.xcstrings,
				Utils/BackgroundModifier.swift,
				Utils/Components/PPButtons/PPButton.swift,
				Utils/Components/PPButtons/PPButtonSlider.swift,
				Utils/Components/PPButtons/PPCircleButton.swift,
				Utils/Components/PPButtons/PPToggleOptions.swift,
				Utils/Components/PPProgressRingView.swift,
				Utils/Components/PPResult.swift,
				Utils/Components/PPResultsCardView.swift,
				Utils/Components/PPScoreBoard.swift,
				Utils/Components/PPSectionCard.swift,
			);
			target = 9DD7EEE02DBF7564002D78A7 /* PointWatch Watch App */;
		};
/* End PBXFileSystemSynchronizedBuildFileExceptionSet section */

/* Begin PBXFileSystemSynchronizedRootGroup section */
		9D1E3FDF2DBA20BD005E1870 /* PointPro */ = {
			isa = PBXFileSystemSynchronizedRootGroup;
			exceptions = (
				9DB152772DC4A8BC009CF606 /* Exceptions for "PointPro" folder in "PointWatch Watch App" target */,
			);
			path = PointPro;
			sourceTree = "<group>";
		};
		9D1E3FF02DBA20BE005E1870 /* PointProTests */ = {
			isa = PBXFileSystemSynchronizedRootGroup;
			path = PointProTests;
			sourceTree = "<group>";
		};
		9D1E3FFA2DBA20BE005E1870 /* PointProUITests */ = {
			isa = PBXFileSystemSynchronizedRootGroup;
			path = PointProUITests;
			sourceTree = "<group>";
		};
		9DD7EEE22DBF7564002D78A7 /* PointWatch Watch App */ = {
			isa = PBXFileSystemSynchronizedRootGroup;
			explicitFileTypes = {
				ConnectorMobile/WatchSessionManager.swift = sourcecode.swift;
			};
			path = "PointWatch Watch App";
			sourceTree = "<group>";
		};
		9DD7EEF02DBF7565002D78A7 /* PointWatch Watch AppTests */ = {
			isa = PBXFileSystemSynchronizedRootGroup;
			path = "PointWatch Watch AppTests";
			sourceTree = "<group>";
		};
		9DD7EEFA2DBF7565002D78A7 /* PointWatch Watch AppUITests */ = {
			isa = PBXFileSystemSynchronizedRootGroup;
			path = "PointWatch Watch AppUITests";
			sourceTree = "<group>";
		};
/* End PBXFileSystemSynchronizedRootGroup section */

/* Begin PBXFrameworksBuildPhase section */
		9D1E3FDA2DBA20BD005E1870 /* Frameworks */ = {
			isa = PBXFrameworksBuildPhase;
			buildActionMask = 2147483647;
			files = (
				9D7B54012E093C9A00600383 /* WatchConnectivity.framework in Frameworks */,
			);
			runOnlyForDeploymentPostprocessing = 0;
		};
		9D1E3FEA2DBA20BE005E1870 /* Frameworks */ = {
			isa = PBXFrameworksBuildPhase;
			buildActionMask = 2147483647;
			files = (
			);
			runOnlyForDeploymentPostprocessing = 0;
		};
		9D1E3FF42DBA20BE005E1870 /* Frameworks */ = {
			isa = PBXFrameworksBuildPhase;
			buildActionMask = 2147483647;
			files = (
			);
			runOnlyForDeploymentPostprocessing = 0;
		};
		9DD7EEDE2DBF7564002D78A7 /* Frameworks */ = {
			isa = PBXFrameworksBuildPhase;
			buildActionMask = 2147483647;
			files = (
			);
			runOnlyForDeploymentPostprocessing = 0;
		};
		9DD7EEEA2DBF7565002D78A7 /* Frameworks */ = {
			isa = PBXFrameworksBuildPhase;
			buildActionMask = 2147483647;
			files = (
			);
			runOnlyForDeploymentPostprocessing = 0;
		};
		9DD7EEF42DBF7565002D78A7 /* Frameworks */ = {
			isa = PBXFrameworksBuildPhase;
			buildActionMask = 2147483647;
			files = (
			);
			runOnlyForDeploymentPostprocessing = 0;
		};
/* End PBXFrameworksBuildPhase section */

/* Begin PBXGroup section */
		9D1E3FD42DBA20BD005E1870 = {
			isa = PBXGroup;
			children = (
				9D1E3FDF2DBA20BD005E1870 /* PointPro */,
				9D1E3FF02DBA20BE005E1870 /* PointProTests */,
				9D1E3FFA2DBA20BE005E1870 /* PointProUITests */,
				9DD7EEE22DBF7564002D78A7 /* PointWatch Watch App */,
				9DD7EEF02DBF7565002D78A7 /* PointWatch Watch AppTests */,
				9DD7EEFA2DBF7565002D78A7 /* PointWatch Watch AppUITests */,
				9DA75E262DF2D26300F24255 /* Frameworks */,
				9D1E3FDE2DBA20BD005E1870 /* Products */,
			);
			sourceTree = "<group>";
		};
		9D1E3FDE2DBA20BD005E1870 /* Products */ = {
			isa = PBXGroup;
			children = (
				9D1E3FDD2DBA20BD005E1870 /* PointPro.app */,
				9D1E3FED2DBA20BE005E1870 /* PointProTests.xctest */,
				9D1E3FF72DBA20BE005E1870 /* PointProUITests.xctest */,
				9DD7EEE12DBF7564002D78A7 /* PointWatch Watch App.app */,
				9DD7EEED2DBF7565002D78A7 /* PointWatch Watch AppTests.xctest */,
				9DD7EEF72DBF7565002D78A7 /* PointWatch Watch AppUITests.xctest */,
			);
			name = Products;
			sourceTree = "<group>";
		};
		9DA75E262DF2D26300F24255 /* Frameworks */ = {
			isa = PBXGroup;
			children = (
				9DA75E272DF2D26300F24255 /* WatchConnectivity.framework */,
			);
			name = Frameworks;
			sourceTree = "<group>";
		};
/* End PBXGroup section */

/* Begin PBXNativeTarget section */
		9D1E3FDC2DBA20BD005E1870 /* PointPro */ = {
			isa = PBXNativeTarget;
			buildConfigurationList = 9D1E40012DBA20BE005E1870 /* Build configuration list for PBXNativeTarget "PointPro" */;
			buildPhases = (
				9D1E3FD92DBA20BD005E1870 /* Sources */,
				9D1E3FDA2DBA20BD005E1870 /* Frameworks */,
				9D1E3FDB2DBA20BD005E1870 /* Resources */,
				9DD7EF052DBF7565002D78A7 /* Embed Watch Content */,
			);
			buildRules = (
			);
			dependencies = (
				9DD7EF002DBF7565002D78A7 /* PBXTargetDependency */,
			);
			fileSystemSynchronizedGroups = (
				9D1E3FDF2DBA20BD005E1870 /* PointPro */,
			);
			name = PointPro;
			packageProductDependencies = (
			);
			productName = PointPro;
			productReference = 9D1E3FDD2DBA20BD005E1870 /* PointPro.app */;
			productType = "com.apple.product-type.application";
		};
		9D1E3FEC2DBA20BE005E1870 /* PointProTests */ = {
			isa = PBXNativeTarget;
			buildConfigurationList = 9D1E40042DBA20BE005E1870 /* Build configuration list for PBXNativeTarget "PointProTests" */;
			buildPhases = (
				9D1E3FE92DBA20BE005E1870 /* Sources */,
				9D1E3FEA2DBA20BE005E1870 /* Frameworks */,
				9D1E3FEB2DBA20BE005E1870 /* Resources */,
			);
			buildRules = (
			);
			dependencies = (
				9D1E3FEF2DBA20BE005E1870 /* PBXTargetDependency */,
			);
			fileSystemSynchronizedGroups = (
				9D1E3FF02DBA20BE005E1870 /* PointProTests */,
			);
			name = PointProTests;
			packageProductDependencies = (
			);
			productName = PointProTests;
			productReference = 9D1E3FED2DBA20BE005E1870 /* PointProTests.xctest */;
			productType = "com.apple.product-type.bundle.unit-test";
		};
		9D1E3FF62DBA20BE005E1870 /* PointProUITests */ = {
			isa = PBXNativeTarget;
			buildConfigurationList = 9D1E40072DBA20BE005E1870 /* Build configuration list for PBXNativeTarget "PointProUITests" */;
			buildPhases = (
				9D1E3FF32DBA20BE005E1870 /* Sources */,
				9D1E3FF42DBA20BE005E1870 /* Frameworks */,
				9D1E3FF52DBA20BE005E1870 /* Resources */,
			);
			buildRules = (
			);
			dependencies = (
				9D1E3FF92DBA20BE005E1870 /* PBXTargetDependency */,
			);
			fileSystemSynchronizedGroups = (
				9D1E3FFA2DBA20BE005E1870 /* PointProUITests */,
			);
			name = PointProUITests;
			packageProductDependencies = (
			);
			productName = PointProUITests;
			productReference = 9D1E3FF72DBA20BE005E1870 /* PointProUITests.xctest */;
			productType = "com.apple.product-type.bundle.ui-testing";
		};
		9DD7EEE02DBF7564002D78A7 /* PointWatch Watch App */ = {
			isa = PBXNativeTarget;
			buildConfigurationList = 9DD7EF022DBF7565002D78A7 /* Build configuration list for PBXNativeTarget "PointWatch Watch App" */;
			buildPhases = (
				9DD7EEDD2DBF7564002D78A7 /* Sources */,
				9DD7EEDE2DBF7564002D78A7 /* Frameworks */,
				9DD7EEDF2DBF7564002D78A7 /* Resources */,
			);
			buildRules = (
			);
			dependencies = (
			);
			fileSystemSynchronizedGroups = (
				9DD7EEE22DBF7564002D78A7 /* PointWatch Watch App */,
			);
			name = "PointWatch Watch App";
			packageProductDependencies = (
			);
			productName = "PointWatch Watch App";
			productReference = 9DD7EEE12DBF7564002D78A7 /* PointWatch Watch App.app */;
			productType = "com.apple.product-type.application";
		};
		9DD7EEEC2DBF7565002D78A7 /* PointWatch Watch AppTests */ = {
			isa = PBXNativeTarget;
			buildConfigurationList = 9DD7EF062DBF7565002D78A7 /* Build configuration list for PBXNativeTarget "PointWatch Watch AppTests" */;
			buildPhases = (
				9DD7EEE92DBF7565002D78A7 /* Sources */,
				9DD7EEEA2DBF7565002D78A7 /* Frameworks */,
				9DD7EEEB2DBF7565002D78A7 /* Resources */,
			);
			buildRules = (
			);
			dependencies = (
				9DD7EEEF2DBF7565002D78A7 /* PBXTargetDependency */,
			);
			fileSystemSynchronizedGroups = (
				9DD7EEF02DBF7565002D78A7 /* PointWatch Watch AppTests */,
			);
			name = "PointWatch Watch AppTests";
			packageProductDependencies = (
			);
			productName = "PointWatch Watch AppTests";
			productReference = 9DD7EEED2DBF7565002D78A7 /* PointWatch Watch AppTests.xctest */;
			productType = "com.apple.product-type.bundle.unit-test";
		};
		9DD7EEF62DBF7565002D78A7 /* PointWatch Watch AppUITests */ = {
			isa = PBXNativeTarget;
			buildConfigurationList = 9DD7EF092DBF7565002D78A7 /* Build configuration list for PBXNativeTarget "PointWatch Watch AppUITests" */;
			buildPhases = (
				9DD7EEF32DBF7565002D78A7 /* Sources */,
				9DD7EEF42DBF7565002D78A7 /* Frameworks */,
				9DD7EEF52DBF7565002D78A7 /* Resources */,
			);
			buildRules = (
			);
			dependencies = (
				9DD7EEF92DBF7565002D78A7 /* PBXTargetDependency */,
			);
			fileSystemSynchronizedGroups = (
				9DD7EEFA2DBF7565002D78A7 /* PointWatch Watch AppUITests */,
			);
			name = "PointWatch Watch AppUITests";
			packageProductDependencies = (
			);
			productName = "PointWatch Watch AppUITests";
			productReference = 9DD7EEF72DBF7565002D78A7 /* PointWatch Watch AppUITests.xctest */;
			productType = "com.apple.product-type.bundle.ui-testing";
		};
/* End PBXNativeTarget section */

/* Begin PBXProject section */
		9D1E3FD52DBA20BD005E1870 /* Project object */ = {
			isa = PBXProject;
			attributes = {
				BuildIndependentTargetsInParallel = 1;
				LastSwiftUpdateCheck = 1630;
				LastUpgradeCheck = 1630;
				TargetAttributes = {
					9D1E3FDC2DBA20BD005E1870 = {
						CreatedOnToolsVersion = 16.3;
					};
					9D1E3FEC2DBA20BE005E1870 = {
						CreatedOnToolsVersion = 16.3;
						TestTargetID = 9D1E3FDC2DBA20BD005E1870;
					};
					9D1E3FF62DBA20BE005E1870 = {
						CreatedOnToolsVersion = 16.3;
						TestTargetID = 9D1E3FDC2DBA20BD005E1870;
					};
					9DD7EEE02DBF7564002D78A7 = {
						CreatedOnToolsVersion = 16.3;
					};
					9DD7EEEC2DBF7565002D78A7 = {
						CreatedOnToolsVersion = 16.3;
						TestTargetID = 9DD7EEE02DBF7564002D78A7;
					};
					9DD7EEF62DBF7565002D78A7 = {
						CreatedOnToolsVersion = 16.3;
						TestTargetID = 9DD7EEE02DBF7564002D78A7;
					};
				};
			};
			buildConfigurationList = 9D1E3FD82DBA20BD005E1870 /* Build configuration list for PBXProject "PointPro" */;
			developmentRegion = en;
			hasScannedForEncodings = 0;
			knownRegions = (
				en,
				Base,
			);
			mainGroup = 9D1E3FD42DBA20BD005E1870;
			minimizedProjectReferenceProxies = 1;
			preferredProjectObjectVersion = 77;
			productRefGroup = 9D1E3FDE2DBA20BD005E1870 /* Products */;
			projectDirPath = "";
			projectRoot = "";
			targets = (
				9D1E3FDC2DBA20BD005E1870 /* PointPro */,
				9D1E3FEC2DBA20BE005E1870 /* PointProTests */,
				9D1E3FF62DBA20BE005E1870 /* PointProUITests */,
				9DD7EEE02DBF7564002D78A7 /* PointWatch Watch App */,
				9DD7EEEC2DBF7565002D78A7 /* PointWatch Watch AppTests */,
				9DD7EEF62DBF7565002D78A7 /* PointWatch Watch AppUITests */,
			);
		};
/* End PBXProject section */

/* Begin PBXResourcesBuildPhase section */
		9D1E3FDB2DBA20BD005E1870 /* Resources */ = {
			isa = PBXResourcesBuildPhase;
			buildActionMask = 2147483647;
			files = (
			);
			runOnlyForDeploymentPostprocessing = 0;
		};
		9D1E3FEB2DBA20BE005E1870 /* Resources */ = {
			isa = PBXResourcesBuildPhase;
			buildActionMask = 2147483647;
			files = (
			);
			runOnlyForDeploymentPostprocessing = 0;
		};
		9D1E3FF52DBA20BE005E1870 /* Resources */ = {
			isa = PBXResourcesBuildPhase;
			buildActionMask = 2147483647;
			files = (
			);
			runOnlyForDeploymentPostprocessing = 0;
		};
		9DD7EEDF2DBF7564002D78A7 /* Resources */ = {
			isa = PBXResourcesBuildPhase;
			buildActionMask = 2147483647;
			files = (
			);
			runOnlyForDeploymentPostprocessing = 0;
		};
		9DD7EEEB2DBF7565002D78A7 /* Resources */ = {
			isa = PBXResourcesBuildPhase;
			buildActionMask = 2147483647;
			files = (
			);
			runOnlyForDeploymentPostprocessing = 0;
		};
		9DD7EEF52DBF7565002D78A7 /* Resources */ = {
			isa = PBXResourcesBuildPhase;
			buildActionMask = 2147483647;
			files = (
			);
			runOnlyForDeploymentPostprocessing = 0;
		};
/* End PBXResourcesBuildPhase section */

/* Begin PBXSourcesBuildPhase section */
		9D1E3FD92DBA20BD005E1870 /* Sources */ = {
			isa = PBXSourcesBuildPhase;
			buildActionMask = 2147483647;
			files = (
			);
			runOnlyForDeploymentPostprocessing = 0;
		};
		9D1E3FE92DBA20BE005E1870 /* Sources */ = {
			isa = PBXSourcesBuildPhase;
			buildActionMask = 2147483647;
			files = (
			);
			runOnlyForDeploymentPostprocessing = 0;
		};
		9D1E3FF32DBA20BE005E1870 /* Sources */ = {
			isa = PBXSourcesBuildPhase;
			buildActionMask = 2147483647;
			files = (
			);
			runOnlyForDeploymentPostprocessing = 0;
		};
		9DD7EEDD2DBF7564002D78A7 /* Sources */ = {
			isa = PBXSourcesBuildPhase;
			buildActionMask = 2147483647;
			files = (
			);
			runOnlyForDeploymentPostprocessing = 0;
		};
		9DD7EEE92DBF7565002D78A7 /* Sources */ = {
			isa = PBXSourcesBuildPhase;
			buildActionMask = 2147483647;
			files = (
			);
			runOnlyForDeploymentPostprocessing = 0;
		};
		9DD7EEF32DBF7565002D78A7 /* Sources */ = {
			isa = PBXSourcesBuildPhase;
			buildActionMask = 2147483647;
			files = (
			);
			runOnlyForDeploymentPostprocessing = 0;
		};
/* End PBXSourcesBuildPhase section */

/* Begin PBXTargetDependency section */
		9D1E3FEF2DBA20BE005E1870 /* PBXTargetDependency */ = {
			isa = PBXTargetDependency;
			target = 9D1E3FDC2DBA20BD005E1870 /* PointPro */;
			targetProxy = 9D1E3FEE2DBA20BE005E1870 /* PBXContainerItemProxy */;
		};
		9D1E3FF92DBA20BE005E1870 /* PBXTargetDependency */ = {
			isa = PBXTargetDependency;
			target = 9D1E3FDC2DBA20BD005E1870 /* PointPro */;
			targetProxy = 9D1E3FF82DBA20BE005E1870 /* PBXContainerItemProxy */;
		};
		9DD7EEEF2DBF7565002D78A7 /* PBXTargetDependency */ = {
			isa = PBXTargetDependency;
			target = 9DD7EEE02DBF7564002D78A7 /* PointWatch Watch App */;
			targetProxy = 9DD7EEEE2DBF7565002D78A7 /* PBXContainerItemProxy */;
		};
		9DD7EEF92DBF7565002D78A7 /* PBXTargetDependency */ = {
			isa = PBXTargetDependency;
			target = 9DD7EEE02DBF7564002D78A7 /* PointWatch Watch App */;
			targetProxy = 9DD7EEF82DBF7565002D78A7 /* PBXContainerItemProxy */;
		};
		9DD7EF002DBF7565002D78A7 /* PBXTargetDependency */ = {
			isa = PBXTargetDependency;
			target = 9DD7EEE02DBF7564002D78A7 /* PointWatch Watch App */;
			targetProxy = 9DD7EEFF2DBF7565002D78A7 /* PBXContainerItemProxy */;
		};
/* End PBXTargetDependency section */

/* Begin XCBuildConfiguration section */
		9D1E3FFF2DBA20BE005E1870 /* Debug */ = {
			isa = XCBuildConfiguration;
			buildSettings = {
				ALWAYS_SEARCH_USER_PATHS = NO;
				ASSETCATALOG_COMPILER_GENERATE_SWIFT_ASSET_SYMBOL_EXTENSIONS = YES;
				CLANG_ANALYZER_NONNULL = YES;
				CLANG_ANALYZER_NUMBER_OBJECT_CONVERSION = YES_AGGRESSIVE;
				CLANG_CXX_LANGUAGE_STANDARD = "gnu++20";
				CLANG_ENABLE_MODULES = YES;
				CLANG_ENABLE_OBJC_ARC = YES;
				CLANG_ENABLE_OBJC_WEAK = YES;
				CLANG_WARN_BLOCK_CAPTURE_AUTORELEASING = YES;
				CLANG_WARN_BOOL_CONVERSION = YES;
				CLANG_WARN_COMMA = YES;
				CLANG_WARN_CONSTANT_CONVERSION = YES;
				CLANG_WARN_DEPRECATED_OBJC_IMPLEMENTATIONS = YES;
				CLANG_WARN_DIRECT_OBJC_ISA_USAGE = YES_ERROR;
				CLANG_WARN_DOCUMENTATION_COMMENTS = YES;
				CLANG_WARN_EMPTY_BODY = YES;
				CLANG_WARN_ENUM_CONVERSION = YES;
				CLANG_WARN_INFINITE_RECURSION = YES;
				CLANG_WARN_INT_CONVERSION = YES;
				CLANG_WARN_NON_LITERAL_NULL_CONVERSION = YES;
				CLANG_WARN_OBJC_IMPLICIT_RETAIN_SELF = YES;
				CLANG_WARN_OBJC_LITERAL_CONVERSION = YES;
				CLANG_WARN_OBJC_ROOT_CLASS = YES_ERROR;
				CLANG_WARN_QUOTED_INCLUDE_IN_FRAMEWORK_HEADER = YES;
				CLANG_WARN_RANGE_LOOP_ANALYSIS = YES;
				CLANG_WARN_STRICT_PROTOTYPES = YES;
				CLANG_WARN_SUSPICIOUS_MOVE = YES;
				CLANG_WARN_UNGUARDED_AVAILABILITY = YES_AGGRESSIVE;
				CLANG_WARN_UNREACHABLE_CODE = YES;
				CLANG_WARN__DUPLICATE_METHOD_MATCH = YES;
				COPY_PHASE_STRIP = NO;
				DEBUG_INFORMATION_FORMAT = dwarf;
				DEVELOPMENT_TEAM = 647XWZU8GL;
				ENABLE_STRICT_OBJC_MSGSEND = YES;
				ENABLE_TESTABILITY = YES;
				ENABLE_USER_SCRIPT_SANDBOXING = YES;
				GCC_C_LANGUAGE_STANDARD = gnu17;
				GCC_DYNAMIC_NO_PIC = NO;
				GCC_NO_COMMON_BLOCKS = YES;
				GCC_OPTIMIZATION_LEVEL = 0;
				GCC_PREPROCESSOR_DEFINITIONS = (
					"DEBUG=1",
					"$(inherited)",
				);
				GCC_WARN_64_TO_32_BIT_CONVERSION = YES;
				GCC_WARN_ABOUT_RETURN_TYPE = YES_ERROR;
				GCC_WARN_UNDECLARED_SELECTOR = YES;
				GCC_WARN_UNINITIALIZED_AUTOS = YES_AGGRESSIVE;
				GCC_WARN_UNUSED_FUNCTION = YES;
				GCC_WARN_UNUSED_VARIABLE = YES;
				LOCALIZATION_PREFERS_STRING_CATALOGS = YES;
				MTL_ENABLE_DEBUG_INFO = INCLUDE_SOURCE;
				MTL_FAST_MATH = YES;
				ONLY_ACTIVE_ARCH = YES;
				SWIFT_ACTIVE_COMPILATION_CONDITIONS = "DEBUG $(inherited)";
				SWIFT_EMIT_LOC_STRINGS = YES;
				SWIFT_OPTIMIZATION_LEVEL = "-Onone";
			};
			name = Debug;
		};
		9D1E40002DBA20BE005E1870 /* Release */ = {
			isa = XCBuildConfiguration;
			buildSettings = {
				ALWAYS_SEARCH_USER_PATHS = NO;
				ASSETCATALOG_COMPILER_GENERATE_SWIFT_ASSET_SYMBOL_EXTENSIONS = YES;
				CLANG_ANALYZER_NONNULL = YES;
				CLANG_ANALYZER_NUMBER_OBJECT_CONVERSION = YES_AGGRESSIVE;
				CLANG_CXX_LANGUAGE_STANDARD = "gnu++20";
				CLANG_ENABLE_MODULES = YES;
				CLANG_ENABLE_OBJC_ARC = YES;
				CLANG_ENABLE_OBJC_WEAK = YES;
				CLANG_WARN_BLOCK_CAPTURE_AUTORELEASING = YES;
				CLANG_WARN_BOOL_CONVERSION = YES;
				CLANG_WARN_COMMA = YES;
				CLANG_WARN_CONSTANT_CONVERSION = YES;
				CLANG_WARN_DEPRECATED_OBJC_IMPLEMENTATIONS = YES;
				CLANG_WARN_DIRECT_OBJC_ISA_USAGE = YES_ERROR;
				CLANG_WARN_DOCUMENTATION_COMMENTS = YES;
				CLANG_WARN_EMPTY_BODY = YES;
				CLANG_WARN_ENUM_CONVERSION = YES;
				CLANG_WARN_INFINITE_RECURSION = YES;
				CLANG_WARN_INT_CONVERSION = YES;
				CLANG_WARN_NON_LITERAL_NULL_CONVERSION = YES;
				CLANG_WARN_OBJC_IMPLICIT_RETAIN_SELF = YES;
				CLANG_WARN_OBJC_LITERAL_CONVERSION = YES;
				CLANG_WARN_OBJC_ROOT_CLASS = YES_ERROR;
				CLANG_WARN_QUOTED_INCLUDE_IN_FRAMEWORK_HEADER = YES;
				CLANG_WARN_RANGE_LOOP_ANALYSIS = YES;
				CLANG_WARN_STRICT_PROTOTYPES = YES;
				CLANG_WARN_SUSPICIOUS_MOVE = YES;
				CLANG_WARN_UNGUARDED_AVAILABILITY = YES_AGGRESSIVE;
				CLANG_WARN_UNREACHABLE_CODE = YES;
				CLANG_WARN__DUPLICATE_METHOD_MATCH = YES;
				COPY_PHASE_STRIP = NO;
				DEBUG_INFORMATION_FORMAT = "dwarf-with-dsym";
				DEVELOPMENT_TEAM = 647XWZU8GL;
				ENABLE_NS_ASSERTIONS = NO;
				ENABLE_STRICT_OBJC_MSGSEND = YES;
				ENABLE_USER_SCRIPT_SANDBOXING = YES;
				GCC_C_LANGUAGE_STANDARD = gnu17;
				GCC_NO_COMMON_BLOCKS = YES;
				GCC_WARN_64_TO_32_BIT_CONVERSION = YES;
				GCC_WARN_ABOUT_RETURN_TYPE = YES_ERROR;
				GCC_WARN_UNDECLARED_SELECTOR = YES;
				GCC_WARN_UNINITIALIZED_AUTOS = YES_AGGRESSIVE;
				GCC_WARN_UNUSED_FUNCTION = YES;
				GCC_WARN_UNUSED_VARIABLE = YES;
				LOCALIZATION_PREFERS_STRING_CATALOGS = YES;
				MTL_ENABLE_DEBUG_INFO = NO;
				MTL_FAST_MATH = YES;
				SWIFT_COMPILATION_MODE = wholemodule;
				SWIFT_EMIT_LOC_STRINGS = YES;
			};
			name = Release;
		};
		9D1E40022DBA20BE005E1870 /* Debug */ = {
			isa = XCBuildConfiguration;
			buildSettings = {
				ASSETCATALOG_COMPILER_APPICON_NAME = AppIcon;
				ASSETCATALOG_COMPILER_GLOBAL_ACCENT_COLOR_NAME = AccentColor;
				ASSETCATALOG_COMPILER_INCLUDE_ALL_APPICON_ASSETS = NO;
				CODE_SIGN_ENTITLEMENTS = PointPro/PointPro.entitlements;
				CODE_SIGN_STYLE = Automatic;
				CURRENT_PROJECT_VERSION = 1;
				DEVELOPMENT_TEAM = 647XWZU8GL;
				ENABLE_HARDENED_RUNTIME = YES;
				ENABLE_PREVIEWS = YES;
				GENERATE_INFOPLIST_FILE = YES;
				INFOPLIST_KEY_CFBundleDisplayName = PointPro;
				INFOPLIST_KEY_LSApplicationCategoryType = "public.app-category.sports";
				"INFOPLIST_KEY_UIApplicationSceneManifest_Generation[sdk=iphoneos*]" = YES;
				"INFOPLIST_KEY_UIApplicationSceneManifest_Generation[sdk=iphonesimulator*]" = YES;
				"INFOPLIST_KEY_UIApplicationSupportsIndirectInputEvents[sdk=iphoneos*]" = YES;
				"INFOPLIST_KEY_UIApplicationSupportsIndirectInputEvents[sdk=iphonesimulator*]" = YES;
				"INFOPLIST_KEY_UILaunchScreen_Generation[sdk=iphoneos*]" = YES;
				"INFOPLIST_KEY_UILaunchScreen_Generation[sdk=iphonesimulator*]" = YES;
				INFOPLIST_KEY_UIStatusBarHidden = NO;
				INFOPLIST_KEY_UIStatusBarStyle = "";
				"INFOPLIST_KEY_UIStatusBarStyle[sdk=iphoneos*]" = UIStatusBarStyleDefault;
				"INFOPLIST_KEY_UIStatusBarStyle[sdk=iphonesimulator*]" = UIStatusBarStyleDefault;
				INFOPLIST_KEY_UISupportedInterfaceOrientations = UIInterfaceOrientationPortrait;
				INFOPLIST_KEY_UISupportedInterfaceOrientations_iPad = "UIInterfaceOrientationLandscapeLeft UIInterfaceOrientationLandscapeRight UIInterfaceOrientationPortrait UIInterfaceOrientationPortraitUpsideDown";
				IPHONEOS_DEPLOYMENT_TARGET = 18.4;
				LD_RUNPATH_SEARCH_PATHS = "@executable_path/Frameworks";
				"LD_RUNPATH_SEARCH_PATHS[sdk=macosx*]" = "@executable_path/../Frameworks";
				MACOSX_DEPLOYMENT_TARGET = 14.0;
				MARKETING_VERSION = 1.0;
				PRODUCT_BUNDLE_IDENTIFIER = com.srz.PointPro;
				PRODUCT_NAME = "$(TARGET_NAME)";
				REGISTER_APP_GROUPS = YES;
				SDKROOT = auto;
				SUPPORTED_PLATFORMS = "iphoneos iphonesimulator";
				SUPPORTS_MACCATALYST = NO;
				SWIFT_EMIT_LOC_STRINGS = YES;
				SWIFT_VERSION = 5.0;
				TARGETED_DEVICE_FAMILY = 1;
				XROS_DEPLOYMENT_TARGET = 2.4;
			};
			name = Debug;
		};
		9D1E40032DBA20BE005E1870 /* Release */ = {
			isa = XCBuildConfiguration;
			buildSettings = {
				ASSETCATALOG_COMPILER_APPICON_NAME = AppIcon;
				ASSETCATALOG_COMPILER_GLOBAL_ACCENT_COLOR_NAME = AccentColor;
				ASSETCATALOG_COMPILER_INCLUDE_ALL_APPICON_ASSETS = NO;
				CODE_SIGN_ENTITLEMENTS = PointPro/PointPro.entitlements;
				CODE_SIGN_STYLE = Automatic;
				CURRENT_PROJECT_VERSION = 1;
				DEVELOPMENT_TEAM = 647XWZU8GL;
				ENABLE_HARDENED_RUNTIME = YES;
				ENABLE_PREVIEWS = YES;
				GENERATE_INFOPLIST_FILE = YES;
				INFOPLIST_KEY_CFBundleDisplayName = PointPro;
				INFOPLIST_KEY_LSApplicationCategoryType = "public.app-category.sports";
				"INFOPLIST_KEY_UIApplicationSceneManifest_Generation[sdk=iphoneos*]" = YES;
				"INFOPLIST_KEY_UIApplicationSceneManifest_Generation[sdk=iphonesimulator*]" = YES;
				"INFOPLIST_KEY_UIApplicationSupportsIndirectInputEvents[sdk=iphoneos*]" = YES;
				"INFOPLIST_KEY_UIApplicationSupportsIndirectInputEvents[sdk=iphonesimulator*]" = YES;
				"INFOPLIST_KEY_UILaunchScreen_Generation[sdk=iphoneos*]" = YES;
				"INFOPLIST_KEY_UILaunchScreen_Generation[sdk=iphonesimulator*]" = YES;
				INFOPLIST_KEY_UIStatusBarHidden = NO;
				INFOPLIST_KEY_UIStatusBarStyle = "";
				"INFOPLIST_KEY_UIStatusBarStyle[sdk=iphoneos*]" = UIStatusBarStyleDefault;
				"INFOPLIST_KEY_UIStatusBarStyle[sdk=iphonesimulator*]" = UIStatusBarStyleDefault;
				INFOPLIST_KEY_UISupportedInterfaceOrientations = UIInterfaceOrientationPortrait;
				INFOPLIST_KEY_UISupportedInterfaceOrientations_iPad = "UIInterfaceOrientationLandscapeLeft UIInterfaceOrientationLandscapeRight UIInterfaceOrientationPortrait UIInterfaceOrientationPortraitUpsideDown";
				IPHONEOS_DEPLOYMENT_TARGET = 18.4;
				LD_RUNPATH_SEARCH_PATHS = "@executable_path/Frameworks";
				"LD_RUNPATH_SEARCH_PATHS[sdk=macosx*]" = "@executable_path/../Frameworks";
				MACOSX_DEPLOYMENT_TARGET = 14.0;
				MARKETING_VERSION = 1.0;
				PRODUCT_BUNDLE_IDENTIFIER = com.srz.PointPro;
				PRODUCT_NAME = "$(TARGET_NAME)";
				REGISTER_APP_GROUPS = YES;
				SDKROOT = auto;
				SUPPORTED_PLATFORMS = "iphoneos iphonesimulator";
				SUPPORTS_MACCATALYST = NO;
				SWIFT_EMIT_LOC_STRINGS = YES;
				SWIFT_VERSION = 5.0;
				TARGETED_DEVICE_FAMILY = 1;
				XROS_DEPLOYMENT_TARGET = 2.4;
			};
			name = Release;
		};
		9D1E40052DBA20BE005E1870 /* Debug */ = {
			isa = XCBuildConfiguration;
			buildSettings = {
				BUNDLE_LOADER = "$(TEST_HOST)";
				CODE_SIGN_STYLE = Automatic;
				CURRENT_PROJECT_VERSION = 1;
				DEVELOPMENT_TEAM = 647XWZU8GL;
				GENERATE_INFOPLIST_FILE = YES;
				IPHONEOS_DEPLOYMENT_TARGET = 18.4;
				MACOSX_DEPLOYMENT_TARGET = 15.2;
				MARKETING_VERSION = 1.0;
				PRODUCT_BUNDLE_IDENTIFIER = com.srz.PointProTests;
				PRODUCT_NAME = "$(TARGET_NAME)";
				SDKROOT = auto;
				SUPPORTED_PLATFORMS = "iphoneos iphonesimulator macosx xros xrsimulator";
				SWIFT_EMIT_LOC_STRINGS = NO;
				SWIFT_VERSION = 5.0;
				TARGETED_DEVICE_FAMILY = "1,2,7";
				TEST_HOST = "$(BUILT_PRODUCTS_DIR)/PointPro.app/$(BUNDLE_EXECUTABLE_FOLDER_PATH)/PointPro";
				XROS_DEPLOYMENT_TARGET = 2.4;
			};
			name = Debug;
		};
		9D1E40062DBA20BE005E1870 /* Release */ = {
			isa = XCBuildConfiguration;
			buildSettings = {
				BUNDLE_LOADER = "$(TEST_HOST)";
				CODE_SIGN_STYLE = Automatic;
				CURRENT_PROJECT_VERSION = 1;
				DEVELOPMENT_TEAM = 647XWZU8GL;
				GENERATE_INFOPLIST_FILE = YES;
				IPHONEOS_DEPLOYMENT_TARGET = 18.4;
				MACOSX_DEPLOYMENT_TARGET = 15.2;
				MARKETING_VERSION = 1.0;
				PRODUCT_BUNDLE_IDENTIFIER = com.srz.PointProTests;
				PRODUCT_NAME = "$(TARGET_NAME)";
				SDKROOT = auto;
				SUPPORTED_PLATFORMS = "iphoneos iphonesimulator macosx xros xrsimulator";
				SWIFT_EMIT_LOC_STRINGS = NO;
				SWIFT_VERSION = 5.0;
				TARGETED_DEVICE_FAMILY = "1,2,7";
				TEST_HOST = "$(BUILT_PRODUCTS_DIR)/PointPro.app/$(BUNDLE_EXECUTABLE_FOLDER_PATH)/PointPro";
				XROS_DEPLOYMENT_TARGET = 2.4;
			};
			name = Release;
		};
		9D1E40082DBA20BE005E1870 /* Debug */ = {
			isa = XCBuildConfiguration;
			buildSettings = {
				CODE_SIGN_STYLE = Automatic;
				CURRENT_PROJECT_VERSION = 1;
				DEVELOPMENT_TEAM = 647XWZU8GL;
				GENERATE_INFOPLIST_FILE = YES;
				IPHONEOS_DEPLOYMENT_TARGET = 18.4;
				MACOSX_DEPLOYMENT_TARGET = 15.2;
				MARKETING_VERSION = 1.0;
				PRODUCT_BUNDLE_IDENTIFIER = com.srz.PointProUITests;
				PRODUCT_NAME = "$(TARGET_NAME)";
				SDKROOT = auto;
				SUPPORTED_PLATFORMS = "iphoneos iphonesimulator macosx xros xrsimulator";
				SWIFT_EMIT_LOC_STRINGS = NO;
				SWIFT_VERSION = 5.0;
				TARGETED_DEVICE_FAMILY = "1,2,7";
				TEST_TARGET_NAME = PointPro;
				XROS_DEPLOYMENT_TARGET = 2.4;
			};
			name = Debug;
		};
		9D1E40092DBA20BE005E1870 /* Release */ = {
			isa = XCBuildConfiguration;
			buildSettings = {
				CODE_SIGN_STYLE = Automatic;
				CURRENT_PROJECT_VERSION = 1;
				DEVELOPMENT_TEAM = 647XWZU8GL;
				GENERATE_INFOPLIST_FILE = YES;
				IPHONEOS_DEPLOYMENT_TARGET = 18.4;
				MACOSX_DEPLOYMENT_TARGET = 15.2;
				MARKETING_VERSION = 1.0;
				PRODUCT_BUNDLE_IDENTIFIER = com.srz.PointProUITests;
				PRODUCT_NAME = "$(TARGET_NAME)";
				SDKROOT = auto;
				SUPPORTED_PLATFORMS = "iphoneos iphonesimulator macosx xros xrsimulator";
				SWIFT_EMIT_LOC_STRINGS = NO;
				SWIFT_VERSION = 5.0;
				TARGETED_DEVICE_FAMILY = "1,2,7";
				TEST_TARGET_NAME = PointPro;
				XROS_DEPLOYMENT_TARGET = 2.4;
			};
			name = Release;
		};
		9DD7EF032DBF7565002D78A7 /* Debug */ = {
			isa = XCBuildConfiguration;
			buildSettings = {
				ASSETCATALOG_COMPILER_APPICON_NAME = AppIcon;
				ASSETCATALOG_COMPILER_GLOBAL_ACCENT_COLOR_NAME = AccentColor;
				CODE_SIGN_STYLE = Automatic;
				CURRENT_PROJECT_VERSION = 1;
				DEVELOPMENT_TEAM = 647XWZU8GL;
				ENABLE_PREVIEWS = YES;
				GENERATE_INFOPLIST_FILE = YES;
				INFOPLIST_KEY_CFBundleDisplayName = PointWatch;
				INFOPLIST_KEY_UISupportedInterfaceOrientations = "UIInterfaceOrientationPortrait UIInterfaceOrientationPortraitUpsideDown";
				INFOPLIST_KEY_WKCompanionAppBundleIdentifier = com.srz.PointPro;
				INFOPLIST_KEY_WKRunsIndependentlyOfCompanionApp = NO;
				LD_RUNPATH_SEARCH_PATHS = (
					"$(inherited)",
					"@executable_path/Frameworks",
				);
				MARKETING_VERSION = 1.0;
				PRODUCT_BUNDLE_IDENTIFIER = com.srz.PointPro.watchkitapp;
				PRODUCT_NAME = "$(TARGET_NAME)";
				SDKROOT = watchos;
				SKIP_INSTALL = YES;
				SWIFT_EMIT_LOC_STRINGS = YES;
				SWIFT_VERSION = 5.0;
				TARGETED_DEVICE_FAMILY = 4;
				WATCHOS_DEPLOYMENT_TARGET = 10.6;
			};
			name = Debug;
		};
		9DD7EF042DBF7565002D78A7 /* Release */ = {
			isa = XCBuildConfiguration;
			buildSettings = {
				ASSETCATALOG_COMPILER_APPICON_NAME = AppIcon;
				ASSETCATALOG_COMPILER_GLOBAL_ACCENT_COLOR_NAME = AccentColor;
				CODE_SIGN_STYLE = Automatic;
				CURRENT_PROJECT_VERSION = 1;
				DEVELOPMENT_TEAM = 647XWZU8GL;
				ENABLE_PREVIEWS = YES;
				GENERATE_INFOPLIST_FILE = YES;
				INFOPLIST_KEY_CFBundleDisplayName = PointWatch;
				INFOPLIST_KEY_UISupportedInterfaceOrientations = "UIInterfaceOrientationPortrait UIInterfaceOrientationPortraitUpsideDown";
				INFOPLIST_KEY_WKCompanionAppBundleIdentifier = com.srz.PointPro;
				INFOPLIST_KEY_WKRunsIndependentlyOfCompanionApp = NO;
				LD_RUNPATH_SEARCH_PATHS = (
					"$(inherited)",
					"@executable_path/Frameworks",
				);
				MARKETING_VERSION = 1.0;
				PRODUCT_BUNDLE_IDENTIFIER = com.srz.PointPro.watchkitapp;
				PRODUCT_NAME = "$(TARGET_NAME)";
				SDKROOT = watchos;
				SKIP_INSTALL = YES;
				SWIFT_EMIT_LOC_STRINGS = YES;
				SWIFT_VERSION = 5.0;
				TARGETED_DEVICE_FAMILY = 4;
				VALIDATE_PRODUCT = YES;
				WATCHOS_DEPLOYMENT_TARGET = 10.6;
			};
			name = Release;
		};
		9DD7EF072DBF7565002D78A7 /* Debug */ = {
			isa = XCBuildConfiguration;
			buildSettings = {
				BUNDLE_LOADER = "$(TEST_HOST)";
				CODE_SIGN_STYLE = Automatic;
				CURRENT_PROJECT_VERSION = 1;
				DEVELOPMENT_TEAM = 647XWZU8GL;
				GENERATE_INFOPLIST_FILE = YES;
				MARKETING_VERSION = 1.0;
				PRODUCT_BUNDLE_IDENTIFIER = "com.srz.PointWatch-Watch-AppTests";
				PRODUCT_NAME = "$(TARGET_NAME)";
				SDKROOT = watchos;
				SWIFT_EMIT_LOC_STRINGS = NO;
				SWIFT_VERSION = 5.0;
				TARGETED_DEVICE_FAMILY = 4;
				TEST_HOST = "$(BUILT_PRODUCTS_DIR)/PointWatch Watch App.app/$(BUNDLE_EXECUTABLE_FOLDER_PATH)/PointWatch Watch App";
				WATCHOS_DEPLOYMENT_TARGET = 11.4;
			};
			name = Debug;
		};
		9DD7EF082DBF7565002D78A7 /* Release */ = {
			isa = XCBuildConfiguration;
			buildSettings = {
				BUNDLE_LOADER = "$(TEST_HOST)";
				CODE_SIGN_STYLE = Automatic;
				CURRENT_PROJECT_VERSION = 1;
				DEVELOPMENT_TEAM = 647XWZU8GL;
				GENERATE_INFOPLIST_FILE = YES;
				MARKETING_VERSION = 1.0;
				PRODUCT_BUNDLE_IDENTIFIER = "com.srz.PointWatch-Watch-AppTests";
				PRODUCT_NAME = "$(TARGET_NAME)";
				SDKROOT = watchos;
				SWIFT_EMIT_LOC_STRINGS = NO;
				SWIFT_VERSION = 5.0;
				TARGETED_DEVICE_FAMILY = 4;
				TEST_HOST = "$(BUILT_PRODUCTS_DIR)/PointWatch Watch App.app/$(BUNDLE_EXECUTABLE_FOLDER_PATH)/PointWatch Watch App";
				VALIDATE_PRODUCT = YES;
				WATCHOS_DEPLOYMENT_TARGET = 11.4;
			};
			name = Release;
		};
		9DD7EF0A2DBF7565002D78A7 /* Debug */ = {
			isa = XCBuildConfiguration;
			buildSettings = {
				CODE_SIGN_STYLE = Automatic;
				CURRENT_PROJECT_VERSION = 1;
				DEVELOPMENT_TEAM = 647XWZU8GL;
				GENERATE_INFOPLIST_FILE = YES;
				MARKETING_VERSION = 1.0;
				PRODUCT_BUNDLE_IDENTIFIER = "com.srz.PointWatch-Watch-AppUITests";
				PRODUCT_NAME = "$(TARGET_NAME)";
				SDKROOT = watchos;
				SWIFT_EMIT_LOC_STRINGS = NO;
				SWIFT_VERSION = 5.0;
				TARGETED_DEVICE_FAMILY = 4;
				TEST_TARGET_NAME = "PointWatch Watch App";
				WATCHOS_DEPLOYMENT_TARGET = 11.4;
			};
			name = Debug;
		};
		9DD7EF0B2DBF7565002D78A7 /* Release */ = {
			isa = XCBuildConfiguration;
			buildSettings = {
				CODE_SIGN_STYLE = Automatic;
				CURRENT_PROJECT_VERSION = 1;
				DEVELOPMENT_TEAM = 647XWZU8GL;
				GENERATE_INFOPLIST_FILE = YES;
				MARKETING_VERSION = 1.0;
				PRODUCT_BUNDLE_IDENTIFIER = "com.srz.PointWatch-Watch-AppUITests";
				PRODUCT_NAME = "$(TARGET_NAME)";
				SDKROOT = watchos;
				SWIFT_EMIT_LOC_STRINGS = NO;
				SWIFT_VERSION = 5.0;
				TARGETED_DEVICE_FAMILY = 4;
				TEST_TARGET_NAME = "PointWatch Watch App";
				VALIDATE_PRODUCT = YES;
				WATCHOS_DEPLOYMENT_TARGET = 11.4;
			};
			name = Release;
		};
/* End XCBuildConfiguration section */

/* Begin XCConfigurationList section */
		9D1E3FD82DBA20BD005E1870 /* Build configuration list for PBXProject "PointPro" */ = {
			isa = XCConfigurationList;
			buildConfigurations = (
				9D1E3FFF2DBA20BE005E1870 /* Debug */,
				9D1E40002DBA20BE005E1870 /* Release */,
			);
			defaultConfigurationIsVisible = 0;
			defaultConfigurationName = Release;
		};
		9D1E40012DBA20BE005E1870 /* Build configuration list for PBXNativeTarget "PointPro" */ = {
			isa = XCConfigurationList;
			buildConfigurations = (
				9D1E40022DBA20BE005E1870 /* Debug */,
				9D1E40032DBA20BE005E1870 /* Release */,
			);
			defaultConfigurationIsVisible = 0;
			defaultConfigurationName = Release;
		};
		9D1E40042DBA20BE005E1870 /* Build configuration list for PBXNativeTarget "PointProTests" */ = {
			isa = XCConfigurationList;
			buildConfigurations = (
				9D1E40052DBA20BE005E1870 /* Debug */,
				9D1E40062DBA20BE005E1870 /* Release */,
			);
			defaultConfigurationIsVisible = 0;
			defaultConfigurationName = Release;
		};
		9D1E40072DBA20BE005E1870 /* Build configuration list for PBXNativeTarget "PointProUITests" */ = {
			isa = XCConfigurationList;
			buildConfigurations = (
				9D1E40082DBA20BE005E1870 /* Debug */,
				9D1E40092DBA20BE005E1870 /* Release */,
			);
			defaultConfigurationIsVisible = 0;
			defaultConfigurationName = Release;
		};
		9DD7EF022DBF7565002D78A7 /* Build configuration list for PBXNativeTarget "PointWatch Watch App" */ = {
			isa = XCConfigurationList;
			buildConfigurations = (
				9DD7EF032DBF7565002D78A7 /* Debug */,
				9DD7EF042DBF7565002D78A7 /* Release */,
			);
			defaultConfigurationIsVisible = 0;
			defaultConfigurationName = Release;
		};
		9DD7EF062DBF7565002D78A7 /* Build configuration list for PBXNativeTarget "PointWatch Watch AppTests" */ = {
			isa = XCConfigurationList;
			buildConfigurations = (
				9DD7EF072DBF7565002D78A7 /* Debug */,
				9DD7EF082DBF7565002D78A7 /* Release */,
			);
			defaultConfigurationIsVisible = 0;
			defaultConfigurationName = Release;
		};
		9DD7EF092DBF7565002D78A7 /* Build configuration list for PBXNativeTarget "PointWatch Watch AppUITests" */ = {
			isa = XCConfigurationList;
			buildConfigurations = (
				9DD7EF0A2DBF7565002D78A7 /* Debug */,
				9DD7EF0B2DBF7565002D78A7 /* Release */,
			);
			defaultConfigurationIsVisible = 0;
			defaultConfigurationName = Release;
		};
/* End XCConfigurationList section */
	};
	rootObject = 9D1E3FD52DBA20BD005E1870 /* Project object */;
}
